
Microsoft Visual Studio Solution File, Format Version 12.00
# Visual Studio 14
VisualStudioVersion = 14.0.23107.0
MinimumVisualStudioVersion = 10.0.40219.1
Project("{FAE04EC0-301F-11D3-BF4B-00C04F79EFBC}") = "rblt.diff", "csharp\tools\rblt.diff.csproj", "{1143240F-BDDC-479E-A5CB-35B40D037ED2}"
EndProject
Project("{FAE04EC0-301F-11D3-BF4B-00C04F79EFBC}") = "rblt.tests.diff", "csharp\tests\rblt.tests.diff.csproj", "{8BF1B7A6-7E04-4540-BD92-43C0303C5605}"
EndProject
Global
	GlobalSection(SolutionConfigurationPlatforms) = preSolution
		Debug|Any CPU = Debug|Any CPU
		Release|Any CPU = Release|Any CPU
	EndGlobalSection
	GlobalSection(ProjectConfigurationPlatforms) = postSolution
		{1143240F-BDDC-479E-A5CB-35B40D037ED2}.Debug|Any CPU.ActiveCfg = Debug|Any CPU
		{1143240F-BDDC-479E-A5CB-35B40D037ED2}.Debug|Any CPU.Build.0 = Debug|Any CPU
		{1143240F-BDDC-479E-A5CB-35B40D037ED2}.Release|Any CPU.ActiveCfg = Release|Any CPU
		{1143240F-BDDC-479E-A5CB-35B40D037ED2}.Release|Any CPU.Build.0 = Release|Any CPU
		{8BF1B7A6-7E04-4540-BD92-43C0303C5605}.Debug|Any CPU.ActiveCfg = Debug|Any CPU
		{8BF1B7A6-7E04-4540-BD92-43C0303C5605}.Debug|Any CPU.Build.0 = Debug|Any CPU
		{8BF1B7A6-7E04-4540-BD92-43C0303C5605}.Release|Any CPU.ActiveCfg = Release|Any CPU
		{8BF1B7A6-7E04-4540-BD92-43C0303C5605}.Release|Any CPU.Build.0 = Release|Any CPU
	EndGlobalSection
	GlobalSection(SolutionProperties) = preSolution
		HideSolutionNode = FALSE
	EndGlobalSection
EndGlobal
